
Microsoft Visual Studio Solution File, Format Version 12.00
# Visual Studio 15
VisualStudioVersion = 15.0.28010.2048
MinimumVisualStudioVersion = 10.0.40219.1
Project("{FAE04EC0-301F-11D3-BF4B-00C04F79EFBC}") = "EventLogBrowser", "EventLogBrowser\EventLogBrowser.csproj", "{8FB4373A-FF08-4894-953B-3B66313246C8}"
EndProject
Global
	GlobalSection(SolutionConfigurationPlatforms) = preSolution
		Debug|Any CPU = Debug|Any CPU
		Release|Any CPU = Release|Any CPU
	EndGlobalSection
	GlobalSection(ProjectConfigurationPlatforms) = postSolution
		{8FB4373A-FF08-4894-953B-3B66313246C8}.Debug|Any CPU.ActiveCfg = Debug|Any CPU
		{8FB4373A-FF08-4894-953B-3B66313246C8}.Debug|Any CPU.Build.0 = Debug|Any CPU
		{8FB4373A-FF08-4894-953B-3B66313246C8}.Release|Any CPU.ActiveCfg = Release|Any CPU
		{8FB4373A-FF08-4894-953B-3B66313246C8}.Release|Any CPU.Build.0 = Release|Any CPU
	EndGlobalSection
	GlobalSection(SolutionProperties) = preSolution
		HideSolutionNode = FALSE
	EndGlobalSection
	GlobalSection(ExtensibilityGlobals) = postSolution
		SolutionGuid = {1034D55D-0AD5-4AFD-8BC4-4C56F0504980}
	EndGlobalSection
EndGlobal
